
Microsoft Visual Studio Solution File, Format Version 12.00
# Visual Studio Version 17
VisualStudioVersion = 17.2.32516.85
MinimumVisualStudioVersion = 10.0.40219.1
Project("{FAE04EC0-301F-11D3-BF4B-00C04F79EFBC}") = "TelekomNevaSvyazWpfApp", "TelekomNevaSvyazWpfApp.csproj", "{D3FBBDCA-A47B-478F-A6BB-118CA6749EDF}"
EndProject
Global
	GlobalSection(SolutionConfigurationPlatforms) = preSolution
		Debug|Any CPU = Debug|Any CPU
		Release|Any CPU = Release|Any CPU
	EndGlobalSection
	GlobalSection(ProjectConfigurationPlatforms) = postSolution
		{D3FBBDCA-A47B-478F-A6BB-118CA6749EDF}.Debug|Any CPU.ActiveCfg = Debug|Any CPU
		{D3FBBDCA-A47B-478F-A6BB-118CA6749EDF}.Debug|Any CPU.Build.0 = Debug|Any CPU
		{D3FBBDCA-A47B-478F-A6BB-118CA6749EDF}.Release|Any CPU.ActiveCfg = Release|Any CPU
		{D3FBBDCA-A47B-478F-A6BB-118CA6749EDF}.Release|Any CPU.Build.0 = Release|Any CPU
	EndGlobalSection
	GlobalSection(SolutionProperties) = preSolution
		HideSolutionNode = FALSE
	EndGlobalSection
	GlobalSection(ExtensibilityGlobals) = postSolution
		SolutionGuid = {772E37D4-EA5C-4A66-8996-0318D45C2EF1}
	EndGlobalSection
EndGlobal
